// !$*UTF8*$!
{
	archiveVersion = 1;
	classes = {
	};
	objectVersion = 50;
	objects = {

/* Begin PBXBuildFile section */
		1E672BE44E422343ECB024EC /* Pods_Tinder.framework in Frameworks */ = {isa = PBXBuildFile; fileRef = CBEAE21EE26DCD14D9FF51BD /* Pods_Tinder.framework */; };
		2F3BA61421E8375800548E0C /* AppDelegate.swift in Sources */ = {isa = PBXBuildFile; fileRef = 2F3BA61321E8375800548E0C /* AppDelegate.swift */; };
		2F3BA61621E8375800548E0C /* HomeController.swift in Sources */ = {isa = PBXBuildFile; fileRef = 2F3BA61521E8375800548E0C /* HomeController.swift */; };
		2F3BA61921E8375800548E0C /* Main.storyboard in Resources */ = {isa = PBXBuildFile; fileRef = 2F3BA61721E8375800548E0C /* Main.storyboard */; };
		2F3BA61C21E8375800548E0C /* Tinder.xcdatamodeld in Sources */ = {isa = PBXBuildFile; fileRef = 2F3BA61A21E8375800548E0C /* Tinder.xcdatamodeld */; };
		2F3BA61E21E8375A00548E0C /* Assets.xcassets in Resources */ = {isa = PBXBuildFile; fileRef = 2F3BA61D21E8375A00548E0C /* Assets.xcassets */; };
		2F3BA62121E8375A00548E0C /* LaunchScreen.storyboard in Resources */ = {isa = PBXBuildFile; fileRef = 2F3BA61F21E8375A00548E0C /* LaunchScreen.storyboard */; };
		2F3BA62A21E839CF00548E0C /* Extensions+UIView.swift in Sources */ = {isa = PBXBuildFile; fileRef = 2F3BA62921E839CF00548E0C /* Extensions+UIView.swift */; };
		2F3BA62D21E8E6A000548E0C /* HomeBottomControlStackView.swift in Sources */ = {isa = PBXBuildFile; fileRef = 2F3BA62C21E8E6A000548E0C /* HomeBottomControlStackView.swift */; };
		2F3BA62F21E8EB8300548E0C /* HomeTopNavigationStackView.swift in Sources */ = {isa = PBXBuildFile; fileRef = 2F3BA62E21E8EB8300548E0C /* HomeTopNavigationStackView.swift */; };
		2F3BA63121E8FB5600548E0C /* CardView.swift in Sources */ = {isa = PBXBuildFile; fileRef = 2F3BA63021E8FB5600548E0C /* CardView.swift */; };
		2F3BA63421E9A87000548E0C /* User.swift in Sources */ = {isa = PBXBuildFile; fileRef = 2F3BA63321E9A87000548E0C /* User.swift */; };
		2F3BA63821E9BC4C00548E0C /* CardViewModel.swift in Sources */ = {isa = PBXBuildFile; fileRef = 2F3BA63721E9BC4C00548E0C /* CardViewModel.swift */; };
		2F3BA63A21E9E94C00548E0C /* Advertiser.swift in Sources */ = {isa = PBXBuildFile; fileRef = 2F3BA63921E9E94C00548E0C /* Advertiser.swift */; };
		2F3BA63C21EB56F200548E0C /* RegistrationViewController.swift in Sources */ = {isa = PBXBuildFile; fileRef = 2F3BA63B21EB56F200548E0C /* RegistrationViewController.swift */; };
		2F3BA63E21EB614B00548E0C /* CustomTextField.swift in Sources */ = {isa = PBXBuildFile; fileRef = 2F3BA63D21EB614B00548E0C /* CustomTextField.swift */; };
		2F3BA64021EB842F00548E0C /* RegistrationViewModel.swift in Sources */ = {isa = PBXBuildFile; fileRef = 2F3BA63F21EB842F00548E0C /* RegistrationViewModel.swift */; };
		2F45C117221D9B5E00DF14C3 /* MatchView.swift in Sources */ = {isa = PBXBuildFile; fileRef = 2F45C116221D9B5E00DF14C3 /* MatchView.swift */; };
		2F4823C322089546009D7DA9 /* PhotoController.swift in Sources */ = {isa = PBXBuildFile; fileRef = 2F4823C222089546009D7DA9 /* PhotoController.swift */; };
		2F71EFF521F2E16F00F7FC57 /* SettingsController.swift in Sources */ = {isa = PBXBuildFile; fileRef = 2F71EFF421F2E16F00F7FC57 /* SettingsController.swift */; };
		2F71EFF721F2F22F00F7FC57 /* SettingsCell.swift in Sources */ = {isa = PBXBuildFile; fileRef = 2F71EFF621F2F22F00F7FC57 /* SettingsCell.swift */; };
		2F71EFF921F39F9700F7FC57 /* AgeRangeCell.swift in Sources */ = {isa = PBXBuildFile; fileRef = 2F71EFF821F39F9700F7FC57 /* AgeRangeCell.swift */; };
		2F71F01A21F43C0800F7FC57 /* FirebaseRequest.swift in Sources */ = {isa = PBXBuildFile; fileRef = 2F71F01921F43C0800F7FC57 /* FirebaseRequest.swift */; };
		2F91DB392202143700E4C4C4 /* LoginController.swift in Sources */ = {isa = PBXBuildFile; fileRef = 2F91DB382202143700E4C4C4 /* LoginController.swift */; };
		2F91DB3B2202144700E4C4C4 /* LoginViewModel.swift in Sources */ = {isa = PBXBuildFile; fileRef = 2F91DB3A2202144700E4C4C4 /* LoginViewModel.swift */; };
		2F91DB3E22029EDF00E4C4C4 /* UserDetailController.swift in Sources */ = {isa = PBXBuildFile; fileRef = 2F91DB3D22029EDF00E4C4C4 /* UserDetailController.swift */; };
		2FAD343921EBA4F000AEE337 /* GoogleService-Info.plist in Resources */ = {isa = PBXBuildFile; fileRef = 2FAD343821EBA4F000AEE337 /* GoogleService-Info.plist */; };
		2FAD343B21ECD17B00AEE337 /* Bindable.swift in Sources */ = {isa = PBXBuildFile; fileRef = 2FAD343A21ECD17B00AEE337 /* Bindable.swift */; };
		2FB0E0E92205D99600F6CADD /* SwipingPhotosController.swift in Sources */ = {isa = PBXBuildFile; fileRef = 2FB0E0E82205D99600F6CADD /* SwipingPhotosController.swift */; };
/* End PBXBuildFile section */

/* Begin PBXFileReference section */
		1E789EC27C564BE93BC1F52E /* Pods-Tinder.debug.xcconfig */ = {isa = PBXFileReference; includeInIndex = 1; lastKnownFileType = text.xcconfig; name = "Pods-Tinder.debug.xcconfig"; path = "Pods/Target Support Files/Pods-Tinder/Pods-Tinder.debug.xcconfig"; sourceTree = "<group>"; };
		2F3BA61021E8375800548E0C /* Tinder.app */ = {isa = PBXFileReference; explicitFileType = wrapper.application; includeInIndex = 0; path = Tinder.app; sourceTree = BUILT_PRODUCTS_DIR; };
		2F3BA61321E8375800548E0C /* AppDelegate.swift */ = {isa = PBXFileReference; lastKnownFileType = sourcecode.swift; path = AppDelegate.swift; sourceTree = "<group>"; };
		2F3BA61521E8375800548E0C /* HomeController.swift */ = {isa = PBXFileReference; lastKnownFileType = sourcecode.swift; path = HomeController.swift; sourceTree = "<group>"; };
		2F3BA61821E8375800548E0C /* Base */ = {isa = PBXFileReference; lastKnownFileType = file.storyboard; name = Base; path = Base.lproj/Main.storyboard; sourceTree = "<group>"; };
		2F3BA61B21E8375800548E0C /* Tinder.xcdatamodel */ = {isa = PBXFileReference; lastKnownFileType = wrapper.xcdatamodel; path = Tinder.xcdatamodel; sourceTree = "<group>"; };
		2F3BA61D21E8375A00548E0C /* Assets.xcassets */ = {isa = PBXFileReference; lastKnownFileType = folder.assetcatalog; path = Assets.xcassets; sourceTree = "<group>"; };
		2F3BA62021E8375A00548E0C /* Base */ = {isa = PBXFileReference; lastKnownFileType = file.storyboard; name = Base; path = Base.lproj/LaunchScreen.storyboard; sourceTree = "<group>"; };
		2F3BA62221E8375A00548E0C /* Info.plist */ = {isa = PBXFileReference; lastKnownFileType = text.plist.xml; path = Info.plist; sourceTree = "<group>"; };
		2F3BA62921E839CF00548E0C /* Extensions+UIView.swift */ = {isa = PBXFileReference; fileEncoding = 4; lastKnownFileType = sourcecode.swift; path = "Extensions+UIView.swift"; sourceTree = "<group>"; };
		2F3BA62C21E8E6A000548E0C /* HomeBottomControlStackView.swift */ = {isa = PBXFileReference; lastKnownFileType = sourcecode.swift; path = HomeBottomControlStackView.swift; sourceTree = "<group>"; };
		2F3BA62E21E8EB8300548E0C /* HomeTopNavigationStackView.swift */ = {isa = PBXFileReference; lastKnownFileType = sourcecode.swift; path = HomeTopNavigationStackView.swift; sourceTree = "<group>"; };
		2F3BA63021E8FB5600548E0C /* CardView.swift */ = {isa = PBXFileReference; lastKnownFileType = sourcecode.swift; path = CardView.swift; sourceTree = "<group>"; };
		2F3BA63321E9A87000548E0C /* User.swift */ = {isa = PBXFileReference; lastKnownFileType = sourcecode.swift; path = User.swift; sourceTree = "<group>"; };
		2F3BA63721E9BC4C00548E0C /* CardViewModel.swift */ = {isa = PBXFileReference; lastKnownFileType = sourcecode.swift; path = CardViewModel.swift; sourceTree = "<group>"; };
		2F3BA63921E9E94C00548E0C /* Advertiser.swift */ = {isa = PBXFileReference; lastKnownFileType = sourcecode.swift; path = Advertiser.swift; sourceTree = "<group>"; };
		2F3BA63B21EB56F200548E0C /* RegistrationViewController.swift */ = {isa = PBXFileReference; lastKnownFileType = sourcecode.swift; path = RegistrationViewController.swift; sourceTree = "<group>"; };
		2F3BA63D21EB614B00548E0C /* CustomTextField.swift */ = {isa = PBXFileReference; lastKnownFileType = sourcecode.swift; path = CustomTextField.swift; sourceTree = "<group>"; };
		2F3BA63F21EB842F00548E0C /* RegistrationViewModel.swift */ = {isa = PBXFileReference; lastKnownFileType = sourcecode.swift; path = RegistrationViewModel.swift; sourceTree = "<group>"; };
		2F45C116221D9B5E00DF14C3 /* MatchView.swift */ = {isa = PBXFileReference; lastKnownFileType = sourcecode.swift; path = MatchView.swift; sourceTree = "<group>"; };
		2F4823C222089546009D7DA9 /* PhotoController.swift */ = {isa = PBXFileReference; lastKnownFileType = sourcecode.swift; path = PhotoController.swift; sourceTree = "<group>"; };
		2F71EFF421F2E16F00F7FC57 /* SettingsController.swift */ = {isa = PBXFileReference; lastKnownFileType = sourcecode.swift; path = SettingsController.swift; sourceTree = "<group>"; };
		2F71EFF621F2F22F00F7FC57 /* SettingsCell.swift */ = {isa = PBXFileReference; lastKnownFileType = sourcecode.swift; path = SettingsCell.swift; sourceTree = "<group>"; };
		2F71EFF821F39F9700F7FC57 /* AgeRangeCell.swift */ = {isa = PBXFileReference; lastKnownFileType = sourcecode.swift; path = AgeRangeCell.swift; sourceTree = "<group>"; };
		2F71F01921F43C0800F7FC57 /* FirebaseRequest.swift */ = {isa = PBXFileReference; lastKnownFileType = sourcecode.swift; path = FirebaseRequest.swift; sourceTree = "<group>"; };
		2F91DB382202143700E4C4C4 /* LoginController.swift */ = {isa = PBXFileReference; lastKnownFileType = sourcecode.swift; path = LoginController.swift; sourceTree = "<group>"; };
		2F91DB3A2202144700E4C4C4 /* LoginViewModel.swift */ = {isa = PBXFileReference; lastKnownFileType = sourcecode.swift; path = LoginViewModel.swift; sourceTree = "<group>"; };
		2F91DB3D22029EDF00E4C4C4 /* UserDetailController.swift */ = {isa = PBXFileReference; lastKnownFileType = sourcecode.swift; path = UserDetailController.swift; sourceTree = "<group>"; };
		2FAD343821EBA4F000AEE337 /* GoogleService-Info.plist */ = {isa = PBXFileReference; fileEncoding = 4; lastKnownFileType = text.plist.xml; path = "GoogleService-Info.plist"; sourceTree = "<group>"; };
		2FAD343A21ECD17B00AEE337 /* Bindable.swift */ = {isa = PBXFileReference; lastKnownFileType = sourcecode.swift; path = Bindable.swift; sourceTree = "<group>"; };
		2FB0E0E82205D99600F6CADD /* SwipingPhotosController.swift */ = {isa = PBXFileReference; lastKnownFileType = sourcecode.swift; path = SwipingPhotosController.swift; sourceTree = "<group>"; };
		CBEAE21EE26DCD14D9FF51BD /* Pods_Tinder.framework */ = {isa = PBXFileReference; explicitFileType = wrapper.framework; includeInIndex = 0; path = Pods_Tinder.framework; sourceTree = BUILT_PRODUCTS_DIR; };
		D81D8F7308C37A4F19922131 /* Pods-Tinder.release.xcconfig */ = {isa = PBXFileReference; includeInIndex = 1; lastKnownFileType = text.xcconfig; name = "Pods-Tinder.release.xcconfig"; path = "Pods/Target Support Files/Pods-Tinder/Pods-Tinder.release.xcconfig"; sourceTree = "<group>"; };
/* End PBXFileReference section */

/* Begin PBXFrameworksBuildPhase section */
		2F3BA60D21E8375800548E0C /* Frameworks */ = {
			isa = PBXFrameworksBuildPhase;
			buildActionMask = 2147483647;
			files = (
				1E672BE44E422343ECB024EC /* Pods_Tinder.framework in Frameworks */,
			);
			runOnlyForDeploymentPostprocessing = 0;
		};
/* End PBXFrameworksBuildPhase section */

/* Begin PBXGroup section */
		2F3BA60721E8375800548E0C = {
			isa = PBXGroup;
			children = (
				2F3BA61221E8375800548E0C /* Tinder */,
				2F3BA61121E8375800548E0C /* Products */,
				C2CC85D225721C35CA7DC672 /* Pods */,
				D2C09B2AFF548C36C67BFCD5 /* Frameworks */,
			);
			sourceTree = "<group>";
		};
		2F3BA61121E8375800548E0C /* Products */ = {
			isa = PBXGroup;
			children = (
				2F3BA61021E8375800548E0C /* Tinder.app */,
			);
			name = Products;
			sourceTree = "<group>";
		};
		2F3BA61221E8375800548E0C /* Tinder */ = {
			isa = PBXGroup;
			children = (
				2F71F01821F43BE300F7FC57 /* APIService */,
				2F3BA63621E9BC2C00548E0C /* ViewModels */,
				2F3BA63221E9A85000548E0C /* Model */,
				2F3BA62B21E8E66D00548E0C /* Views */,
				2F91DB3C22029EBB00E4C4C4 /* User Details */,
				2F3BA63521E9BB9600548E0C /* Controllers */,
				2F3BA62821E839BC00548E0C /* Extensions */,
				2F3BA61321E8375800548E0C /* AppDelegate.swift */,
				2F3BA61721E8375800548E0C /* Main.storyboard */,
				2F3BA61D21E8375A00548E0C /* Assets.xcassets */,
				2F3BA61F21E8375A00548E0C /* LaunchScreen.storyboard */,
				2FAD343821EBA4F000AEE337 /* GoogleService-Info.plist */,
				2F3BA62221E8375A00548E0C /* Info.plist */,
				2F3BA61A21E8375800548E0C /* Tinder.xcdatamodeld */,
			);
			path = Tinder;
			sourceTree = "<group>";
		};
		2F3BA62821E839BC00548E0C /* Extensions */ = {
			isa = PBXGroup;
			children = (
				2F3BA62921E839CF00548E0C /* Extensions+UIView.swift */,
			);
			path = Extensions;
			sourceTree = "<group>";
		};
		2F3BA62B21E8E66D00548E0C /* Views */ = {
			isa = PBXGroup;
			children = (
				2F3BA62C21E8E6A000548E0C /* HomeBottomControlStackView.swift */,
				2F3BA62E21E8EB8300548E0C /* HomeTopNavigationStackView.swift */,
				2F3BA63021E8FB5600548E0C /* CardView.swift */,
				2F3BA63D21EB614B00548E0C /* CustomTextField.swift */,
				2F71EFF621F2F22F00F7FC57 /* SettingsCell.swift */,
				2F71EFF821F39F9700F7FC57 /* AgeRangeCell.swift */,
				2F45C116221D9B5E00DF14C3 /* MatchView.swift */,
			);
			path = Views;
			sourceTree = "<group>";
		};
		2F3BA63221E9A85000548E0C /* Model */ = {
			isa = PBXGroup;
			children = (
				2F3BA63321E9A87000548E0C /* User.swift */,
				2F3BA63921E9E94C00548E0C /* Advertiser.swift */,
			);
			path = Model;
			sourceTree = "<group>";
		};
		2F3BA63521E9BB9600548E0C /* Controllers */ = {
			isa = PBXGroup;
			children = (
				2F91DB372202141500E4C4C4 /* Login */,
				2F3BA61521E8375800548E0C /* HomeController.swift */,
				2F3BA63B21EB56F200548E0C /* RegistrationViewController.swift */,
				2F3BA63F21EB842F00548E0C /* RegistrationViewModel.swift */,
				2FAD343A21ECD17B00AEE337 /* Bindable.swift */,
				2F71EFF421F2E16F00F7FC57 /* SettingsController.swift */,
			);
			path = Controllers;
			sourceTree = "<group>";
		};
		2F3BA63621E9BC2C00548E0C /* ViewModels */ = {
			isa = PBXGroup;
			children = (
				2F3BA63721E9BC4C00548E0C /* CardViewModel.swift */,
			);
			path = ViewModels;
			sourceTree = "<group>";
		};
		2F71F01821F43BE300F7FC57 /* APIService */ = {
			isa = PBXGroup;
			children = (
				2F71F01921F43C0800F7FC57 /* FirebaseRequest.swift */,
			);
			path = APIService;
			sourceTree = "<group>";
		};
		2F91DB372202141500E4C4C4 /* Login */ = {
			isa = PBXGroup;
			children = (
				2F91DB382202143700E4C4C4 /* LoginController.swift */,
				2F91DB3A2202144700E4C4C4 /* LoginViewModel.swift */,
			);
			path = Login;
			sourceTree = "<group>";
		};
		2F91DB3C22029EBB00E4C4C4 /* User Details */ = {
			isa = PBXGroup;
			children = (
				2F91DB3D22029EDF00E4C4C4 /* UserDetailController.swift */,
				2FB0E0E82205D99600F6CADD /* SwipingPhotosController.swift */,
				2F4823C222089546009D7DA9 /* PhotoController.swift */,
			);
			path = "User Details";
			sourceTree = "<group>";
		};
		C2CC85D225721C35CA7DC672 /* Pods */ = {
			isa = PBXGroup;
			children = (
				1E789EC27C564BE93BC1F52E /* Pods-Tinder.debug.xcconfig */,
				D81D8F7308C37A4F19922131 /* Pods-Tinder.release.xcconfig */,
			);
			name = Pods;
			sourceTree = "<group>";
		};
		D2C09B2AFF548C36C67BFCD5 /* Frameworks */ = {
			isa = PBXGroup;
			children = (
				CBEAE21EE26DCD14D9FF51BD /* Pods_Tinder.framework */,
			);
			name = Frameworks;
			sourceTree = "<group>";
		};
/* End PBXGroup section */

/* Begin PBXNativeTarget section */
		2F3BA60F21E8375800548E0C /* Tinder */ = {
			isa = PBXNativeTarget;
			buildConfigurationList = 2F3BA62521E8375A00548E0C /* Build configuration list for PBXNativeTarget "Tinder" */;
			buildPhases = (
				A5A45A5FE681D0A44D08D7B8 /* [CP] Check Pods Manifest.lock */,
				2F3BA60C21E8375800548E0C /* Sources */,
				2F3BA60D21E8375800548E0C /* Frameworks */,
				2F3BA60E21E8375800548E0C /* Resources */,
				0B87AEB099DF069B9FFB4CD1 /* [CP] Embed Pods Frameworks */,
			);
			buildRules = (
			);
			dependencies = (
			);
			name = Tinder;
			productName = Tinder;
			productReference = 2F3BA61021E8375800548E0C /* Tinder.app */;
			productType = "com.apple.product-type.application";
		};
/* End PBXNativeTarget section */

/* Begin PBXProject section */
		2F3BA60821E8375800548E0C /* Project object */ = {
			isa = PBXProject;
			attributes = {
				LastSwiftUpdateCheck = 1010;
				LastUpgradeCheck = 1010;
				ORGANIZATIONNAME = "sanket kumar";
				TargetAttributes = {
					2F3BA60F21E8375800548E0C = {
						CreatedOnToolsVersion = 10.1;
					};
				};
			};
			buildConfigurationList = 2F3BA60B21E8375800548E0C /* Build configuration list for PBXProject "Tinder" */;
			compatibilityVersion = "Xcode 9.3";
			developmentRegion = en;
			hasScannedForEncodings = 0;
			knownRegions = (
				en,
				Base,
			);
			mainGroup = 2F3BA60721E8375800548E0C;
			productRefGroup = 2F3BA61121E8375800548E0C /* Products */;
			projectDirPath = "";
			projectRoot = "";
			targets = (
				2F3BA60F21E8375800548E0C /* Tinder */,
			);
		};
/* End PBXProject section */

/* Begin PBXResourcesBuildPhase section */
		2F3BA60E21E8375800548E0C /* Resources */ = {
			isa = PBXResourcesBuildPhase;
			buildActionMask = 2147483647;
			files = (
				2F3BA62121E8375A00548E0C /* LaunchScreen.storyboard in Resources */,
				2FAD343921EBA4F000AEE337 /* GoogleService-Info.plist in Resources */,
				2F3BA61E21E8375A00548E0C /* Assets.xcassets in Resources */,
				2F3BA61921E8375800548E0C /* Main.storyboard in Resources */,
			);
			runOnlyForDeploymentPostprocessing = 0;
		};
/* End PBXResourcesBuildPhase section */

/* Begin PBXShellScriptBuildPhase section */
		0B87AEB099DF069B9FFB4CD1 /* [CP] Embed Pods Frameworks */ = {
			isa = PBXShellScriptBuildPhase;
			buildActionMask = 2147483647;
			files = (
			);
			inputPaths = (
				"${SRCROOT}/Pods/Target Support Files/Pods-Tinder/Pods-Tinder-frameworks.sh",
				"${BUILT_PRODUCTS_DIR}/BoringSSL/openssl.framework",
				"${BUILT_PRODUCTS_DIR}/GTMSessionFetcher/GTMSessionFetcher.framework",
				"${BUILT_PRODUCTS_DIR}/GoogleToolboxForMac/GoogleToolboxForMac.framework",
				"${BUILT_PRODUCTS_DIR}/JGProgressHUD/JGProgressHUD.framework",
				"${BUILT_PRODUCTS_DIR}/ProgressHUD/ProgressHUD.framework",
				"${BUILT_PRODUCTS_DIR}/Protobuf/Protobuf.framework",
				"${BUILT_PRODUCTS_DIR}/SDWebImage/SDWebImage.framework",
				"${BUILT_PRODUCTS_DIR}/gRPC/GRPCClient.framework",
				"${BUILT_PRODUCTS_DIR}/gRPC-Core/grpc.framework",
				"${BUILT_PRODUCTS_DIR}/gRPC-ProtoRPC/ProtoRPC.framework",
				"${BUILT_PRODUCTS_DIR}/gRPC-RxLibrary/RxLibrary.framework",
				"${BUILT_PRODUCTS_DIR}/leveldb-library/leveldb.framework",
				"${BUILT_PRODUCTS_DIR}/nanopb/nanopb.framework",
			);
			name = "[CP] Embed Pods Frameworks";
			outputPaths = (
				"${TARGET_BUILD_DIR}/${FRAMEWORKS_FOLDER_PATH}/openssl.framework",
				"${TARGET_BUILD_DIR}/${FRAMEWORKS_FOLDER_PATH}/GTMSessionFetcher.framework",
				"${TARGET_BUILD_DIR}/${FRAMEWORKS_FOLDER_PATH}/GoogleToolboxForMac.framework",
				"${TARGET_BUILD_DIR}/${FRAMEWORKS_FOLDER_PATH}/JGProgressHUD.framework",
				"${TARGET_BUILD_DIR}/${FRAMEWORKS_FOLDER_PATH}/ProgressHUD.framework",
				"${TARGET_BUILD_DIR}/${FRAMEWORKS_FOLDER_PATH}/Protobuf.framework",
				"${TARGET_BUILD_DIR}/${FRAMEWORKS_FOLDER_PATH}/SDWebImage.framework",
				"${TARGET_BUILD_DIR}/${FRAMEWORKS_FOLDER_PATH}/GRPCClient.framework",
				"${TARGET_BUILD_DIR}/${FRAMEWORKS_FOLDER_PATH}/grpc.framework",
				"${TARGET_BUILD_DIR}/${FRAMEWORKS_FOLDER_PATH}/ProtoRPC.framework",
				"${TARGET_BUILD_DIR}/${FRAMEWORKS_FOLDER_PATH}/RxLibrary.framework",
				"${TARGET_BUILD_DIR}/${FRAMEWORKS_FOLDER_PATH}/leveldb.framework",
				"${TARGET_BUILD_DIR}/${FRAMEWORKS_FOLDER_PATH}/nanopb.framework",
			);
			runOnlyForDeploymentPostprocessing = 0;
			shellPath = /bin/sh;
			shellScript = "\"${SRCROOT}/Pods/Target Support Files/Pods-Tinder/Pods-Tinder-frameworks.sh\"\n";
			showEnvVarsInLog = 0;
		};
		A5A45A5FE681D0A44D08D7B8 /* [CP] Check Pods Manifest.lock */ = {
			isa = PBXShellScriptBuildPhase;
			buildActionMask = 2147483647;
			files = (
			);
			inputPaths = (
				"${PODS_PODFILE_DIR_PATH}/Podfile.lock",
				"${PODS_ROOT}/Manifest.lock",
			);
			name = "[CP] Check Pods Manifest.lock";
			outputPaths = (
				"$(DERIVED_FILE_DIR)/Pods-Tinder-checkManifestLockResult.txt",
			);
			runOnlyForDeploymentPostprocessing = 0;
			shellPath = /bin/sh;
			shellScript = "diff \"${PODS_PODFILE_DIR_PATH}/Podfile.lock\" \"${PODS_ROOT}/Manifest.lock\" > /dev/null\nif [ $? != 0 ] ; then\n    # print error to STDERR\n    echo \"error: The sandbox is not in sync with the Podfile.lock. Run 'pod install' or update your CocoaPods installation.\" >&2\n    exit 1\nfi\n# This output is used by Xcode 'outputs' to avoid re-running this script phase.\necho \"SUCCESS\" > \"${SCRIPT_OUTPUT_FILE_0}\"\n";
			showEnvVarsInLog = 0;
		};
/* End PBXShellScriptBuildPhase section */

/* Begin PBXSourcesBuildPhase section */
		2F3BA60C21E8375800548E0C /* Sources */ = {
			isa = PBXSourcesBuildPhase;
			buildActionMask = 2147483647;
			files = (
				2F91DB392202143700E4C4C4 /* LoginController.swift in Sources */,
				2F4823C322089546009D7DA9 /* PhotoController.swift in Sources */,
				2F3BA63A21E9E94C00548E0C /* Advertiser.swift in Sources */,
				2F3BA63121E8FB5600548E0C /* CardView.swift in Sources */,
				2F3BA62F21E8EB8300548E0C /* HomeTopNavigationStackView.swift in Sources */,
				2F3BA63C21EB56F200548E0C /* RegistrationViewController.swift in Sources */,
				2F3BA61621E8375800548E0C /* HomeController.swift in Sources */,
				2F71EFF921F39F9700F7FC57 /* AgeRangeCell.swift in Sources */,
				2F3BA61421E8375800548E0C /* AppDelegate.swift in Sources */,
				2F91DB3B2202144700E4C4C4 /* LoginViewModel.swift in Sources */,
				2F45C117221D9B5E00DF14C3 /* MatchView.swift in Sources */,
				2F71EFF521F2E16F00F7FC57 /* SettingsController.swift in Sources */,
				2F3BA63421E9A87000548E0C /* User.swift in Sources */,
				2F3BA62D21E8E6A000548E0C /* HomeBottomControlStackView.swift in Sources */,
				2FAD343B21ECD17B00AEE337 /* Bindable.swift in Sources */,
				2F3BA63E21EB614B00548E0C /* CustomTextField.swift in Sources */,
				2F3BA64021EB842F00548E0C /* RegistrationViewModel.swift in Sources */,
				2F3BA62A21E839CF00548E0C /* Extensions+UIView.swift in Sources */,
				2F3BA61C21E8375800548E0C /* Tinder.xcdatamodeld in Sources */,
				2F71EFF721F2F22F00F7FC57 /* SettingsCell.swift in Sources */,
				2F91DB3E22029EDF00E4C4C4 /* UserDetailController.swift in Sources */,
				2F71F01A21F43C0800F7FC57 /* FirebaseRequest.swift in Sources */,
				2FB0E0E92205D99600F6CADD /* SwipingPhotosController.swift in Sources */,
				2F3BA63821E9BC4C00548E0C /* CardViewModel.swift in Sources */,
			);
			runOnlyForDeploymentPostprocessing = 0;
		};
/* End PBXSourcesBuildPhase section */

/* Begin PBXVariantGroup section */
		2F3BA61721E8375800548E0C /* Main.storyboard */ = {
			isa = PBXVariantGroup;
			children = (
				2F3BA61821E8375800548E0C /* Base */,
			);
			name = Main.storyboard;
			sourceTree = "<group>";
		};
		2F3BA61F21E8375A00548E0C /* LaunchScreen.storyboard */ = {
			isa = PBXVariantGroup;
			children = (
				2F3BA62021E8375A00548E0C /* Base */,
			);
			name = LaunchScreen.storyboard;
			sourceTree = "<group>";
		};
/* End PBXVariantGroup section */

/* Begin XCBuildConfiguration section */
		2F3BA62321E8375A00548E0C /* Debug */ = {
			isa = XCBuildConfiguration;
			buildSettings = {
				ALWAYS_SEARCH_USER_PATHS = NO;
				CLANG_ANALYZER_NONNULL = YES;
				CLANG_ANALYZER_NUMBER_OBJECT_CONVERSION = YES_AGGRESSIVE;
				CLANG_CXX_LANGUAGE_STANDARD = "gnu++14";
				CLANG_CXX_LIBRARY = "libc++";
				CLANG_ENABLE_MODULES = YES;
				CLANG_ENABLE_OBJC_ARC = YES;
				CLANG_ENABLE_OBJC_WEAK = YES;
				CLANG_WARN_BLOCK_CAPTURE_AUTORELEASING = YES;
				CLANG_WARN_BOOL_CONVERSION = YES;
				CLANG_WARN_COMMA = YES;
				CLANG_WARN_CONSTANT_CONVERSION = YES;
				CLANG_WARN_DEPRECATED_OBJC_IMPLEMENTATIONS = YES;
				CLANG_WARN_DIRECT_OBJC_ISA_USAGE = YES_ERROR;
				CLANG_WARN_DOCUMENTATION_COMMENTS = YES;
				CLANG_WARN_EMPTY_BODY = YES;
				CLANG_WARN_ENUM_CONVERSION = YES;
				CLANG_WARN_INFINITE_RECURSION = YES;
				CLANG_WARN_INT_CONVERSION = YES;
				CLANG_WARN_NON_LITERAL_NULL_CONVERSION = YES;
				CLANG_WARN_OBJC_IMPLICIT_RETAIN_SELF = YES;
				CLANG_WARN_OBJC_LITERAL_CONVERSION = YES;
				CLANG_WARN_OBJC_ROOT_CLASS = YES_ERROR;
				CLANG_WARN_RANGE_LOOP_ANALYSIS = YES;
				CLANG_WARN_STRICT_PROTOTYPES = YES;
				CLANG_WARN_SUSPICIOUS_MOVE = YES;
				CLANG_WARN_UNGUARDED_AVAILABILITY = YES_AGGRESSIVE;
				CLANG_WARN_UNREACHABLE_CODE = YES;
				CLANG_WARN__DUPLICATE_METHOD_MATCH = YES;
				CODE_SIGN_IDENTITY = "iPhone Developer";
				COPY_PHASE_STRIP = NO;
				DEBUG_INFORMATION_FORMAT = dwarf;
				ENABLE_STRICT_OBJC_MSGSEND = YES;
				ENABLE_TESTABILITY = YES;
				GCC_C_LANGUAGE_STANDARD = gnu11;
				GCC_DYNAMIC_NO_PIC = NO;
				GCC_NO_COMMON_BLOCKS = YES;
				GCC_OPTIMIZATION_LEVEL = 0;
				GCC_PREPROCESSOR_DEFINITIONS = (
					"DEBUG=1",
					"$(inherited)",
				);
				GCC_WARN_64_TO_32_BIT_CONVERSION = YES;
				GCC_WARN_ABOUT_RETURN_TYPE = YES_ERROR;
				GCC_WARN_UNDECLARED_SELECTOR = YES;
				GCC_WARN_UNINITIALIZED_AUTOS = YES_AGGRESSIVE;
				GCC_WARN_UNUSED_FUNCTION = YES;
				GCC_WARN_UNUSED_VARIABLE = YES;
				IPHONEOS_DEPLOYMENT_TARGET = 12.1;
				MTL_ENABLE_DEBUG_INFO = INCLUDE_SOURCE;
				MTL_FAST_MATH = YES;
				ONLY_ACTIVE_ARCH = YES;
				SDKROOT = iphoneos;
				SWIFT_ACTIVE_COMPILATION_CONDITIONS = DEBUG;
				SWIFT_OPTIMIZATION_LEVEL = "-Onone";
			};
			name = Debug;
		};
		2F3BA62421E8375A00548E0C /* Release */ = {
			isa = XCBuildConfiguration;
			buildSettings = {
				ALWAYS_SEARCH_USER_PATHS = NO;
				CLANG_ANALYZER_NONNULL = YES;
				CLANG_ANALYZER_NUMBER_OBJECT_CONVERSION = YES_AGGRESSIVE;
				CLANG_CXX_LANGUAGE_STANDARD = "gnu++14";
				CLANG_CXX_LIBRARY = "libc++";
				CLANG_ENABLE_MODULES = YES;
				CLANG_ENABLE_OBJC_ARC = YES;
				CLANG_ENABLE_OBJC_WEAK = YES;
				CLANG_WARN_BLOCK_CAPTURE_AUTORELEASING = YES;
				CLANG_WARN_BOOL_CONVERSION = YES;
				CLANG_WARN_COMMA = YES;
				CLANG_WARN_CONSTANT_CONVERSION = YES;
				CLANG_WARN_DEPRECATED_OBJC_IMPLEMENTATIONS = YES;
				CLANG_WARN_DIRECT_OBJC_ISA_USAGE = YES_ERROR;
				CLANG_WARN_DOCUMENTATION_COMMENTS = YES;
				CLANG_WARN_EMPTY_BODY = YES;
				CLANG_WARN_ENUM_CONVERSION = YES;
				CLANG_WARN_INFINITE_RECURSION = YES;
				CLANG_WARN_INT_CONVERSION = YES;
				CLANG_WARN_NON_LITERAL_NULL_CONVERSION = YES;
				CLANG_WARN_OBJC_IMPLICIT_RETAIN_SELF = YES;
				CLANG_WARN_OBJC_LITERAL_CONVERSION = YES;
				CLANG_WARN_OBJC_ROOT_CLASS = YES_ERROR;
				CLANG_WARN_RANGE_LOOP_ANALYSIS = YES;
				CLANG_WARN_STRICT_PROTOTYPES = YES;
				CLANG_WARN_SUSPICIOUS_MOVE = YES;
				CLANG_WARN_UNGUARDED_AVAILABILITY = YES_AGGRESSIVE;
				CLANG_WARN_UNREACHABLE_CODE = YES;
				CLANG_WARN__DUPLICATE_METHOD_MATCH = YES;
				CODE_SIGN_IDENTITY = "iPhone Developer";
				COPY_PHASE_STRIP = NO;
				DEBUG_INFORMATION_FORMAT = "dwarf-with-dsym";
				ENABLE_NS_ASSERTIONS = NO;
				ENABLE_STRICT_OBJC_MSGSEND = YES;
				GCC_C_LANGUAGE_STANDARD = gnu11;
				GCC_NO_COMMON_BLOCKS = YES;
				GCC_WARN_64_TO_32_BIT_CONVERSION = YES;
				GCC_WARN_ABOUT_RETURN_TYPE = YES_ERROR;
				GCC_WARN_UNDECLARED_SELECTOR = YES;
				GCC_WARN_UNINITIALIZED_AUTOS = YES_AGGRESSIVE;
				GCC_WARN_UNUSED_FUNCTION = YES;
				GCC_WARN_UNUSED_VARIABLE = YES;
				IPHONEOS_DEPLOYMENT_TARGET = 12.1;
				MTL_ENABLE_DEBUG_INFO = NO;
				MTL_FAST_MATH = YES;
				SDKROOT = iphoneos;
				SWIFT_COMPILATION_MODE = wholemodule;
				SWIFT_OPTIMIZATION_LEVEL = "-O";
				VALIDATE_PRODUCT = YES;
			};
			name = Release;
		};
		2F3BA62621E8375A00548E0C /* Debug */ = {
			isa = XCBuildConfiguration;
			baseConfigurationReference = 1E789EC27C564BE93BC1F52E /* Pods-Tinder.debug.xcconfig */;
			buildSettings = {
				ASSETCATALOG_COMPILER_APPICON_NAME = AppIcon;
				CODE_SIGN_STYLE = Automatic;
				DEVELOPMENT_TEAM = KM6SX9V4UK;
				INFOPLIST_FILE = Tinder/Info.plist;
				LD_RUNPATH_SEARCH_PATHS = (
					"$(inherited)",
					"@executable_path/Frameworks",
				);
				PRODUCT_BUNDLE_IDENTIFIER = com.kumarsanket.Tinder;
				PRODUCT_NAME = "$(TARGET_NAME)";
				SWIFT_VERSION = 4.2;
				TARGETED_DEVICE_FAMILY = "1,2";
			};
			name = Debug;
		};
		2F3BA62721E8375A00548E0C /* Release */ = {
			isa = XCBuildConfiguration;
			baseConfigurationReference = D81D8F7308C37A4F19922131 /* Pods-Tinder.release.xcconfig */;
			buildSettings = {
				ASSETCATALOG_COMPILER_APPICON_NAME = AppIcon;
				CODE_SIGN_STYLE = Automatic;
				DEVELOPMENT_TEAM = KM6SX9V4UK;
				INFOPLIST_FILE = Tinder/Info.plist;
				LD_RUNPATH_SEARCH_PATHS = (
					"$(inherited)",
					"@executable_path/Frameworks",
				);
				PRODUCT_BUNDLE_IDENTIFIER = com.kumarsanket.Tinder;
				PRODUCT_NAME = "$(TARGET_NAME)";
				SWIFT_VERSION = 4.2;
				TARGETED_DEVICE_FAMILY = "1,2";
			};
			name = Release;
		};
/* End XCBuildConfiguration section */

/* Begin XCConfigurationList section */
		2F3BA60B21E8375800548E0C /* Build configuration list for PBXProject "Tinder" */ = {
			isa = XCConfigurationList;
			buildConfigurations = (
				2F3BA62321E8375A00548E0C /* Debug */,
				2F3BA62421E8375A00548E0C /* Release */,
			);
			defaultConfigurationIsVisible = 0;
			defaultConfigurationName = Release;
		};
		2F3BA62521E8375A00548E0C /* Build configuration list for PBXNativeTarget "Tinder" */ = {
			isa = XCConfigurationList;
			buildConfigurations = (
				2F3BA62621E8375A00548E0C /* Debug */,
				2F3BA62721E8375A00548E0C /* Release */,
			);
			defaultConfigurationIsVisible = 0;
			defaultConfigurationName = Release;
		};
/* End XCConfigurationList section */

/* Begin XCVersionGroup section */
		2F3BA61A21E8375800548E0C /* Tinder.xcdatamodeld */ = {
			isa = XCVersionGroup;
			children = (
				2F3BA61B21E8375800548E0C /* Tinder.xcdatamodel */,
			);
			currentVersion = 2F3BA61B21E8375800548E0C /* Tinder.xcdatamodel */;
			path = Tinder.xcdatamodeld;
			sourceTree = "<group>";
			versionGroupType = wrapper.xcdatamodel;
		};
/* End XCVersionGroup section */
	};
	rootObject = 2F3BA60821E8375800548E0C /* Project object */;
}
