// !$*UTF8*$!
{
	archiveVersion = 1;
	classes = {
	};
	objectVersion = 50;
	objects = {

/* Begin PBXBuildFile section */
		2F3BA61421E8375800548E0C /* AppDelegate.swift in Sources */ = {isa = PBXBuildFile; fileRef = 2F3BA61321E8375800548E0C /* AppDelegate.swift */; };
		2F3BA61621E8375800548E0C /* ViewController.swift in Sources */ = {isa = PBXBuildFile; fileRef = 2F3BA61521E8375800548E0C /* ViewController.swift */; };
		2F3BA61921E8375800548E0C /* Main.storyboard in Resources */ = {isa = PBXBuildFile; fileRef = 2F3BA61721E8375800548E0C /* Main.storyboard */; };
		2F3BA61C21E8375800548E0C /* Tinder.xcdatamodeld in Sources */ = {isa = PBXBuildFile; fileRef = 2F3BA61A21E8375800548E0C /* Tinder.xcdatamodeld */; };
		2F3BA61E21E8375A00548E0C /* Assets.xcassets in Resources */ = {isa = PBXBuildFile; fileRef = 2F3BA61D21E8375A00548E0C /* Assets.xcassets */; };
		2F3BA62121E8375A00548E0C /* LaunchScreen.storyboard in Resources */ = {isa = PBXBuildFile; fileRef = 2F3BA61F21E8375A00548E0C /* LaunchScreen.storyboard */; };
		2F3BA62A21E839CF00548E0C /* Extensions+UIView.swift in Sources */ = {isa = PBXBuildFile; fileRef = 2F3BA62921E839CF00548E0C /* Extensions+UIView.swift */; };
		2F3BA62D21E8E6A000548E0C /* HomeBottomControlStackView.swift in Sources */ = {isa = PBXBuildFile; fileRef = 2F3BA62C21E8E6A000548E0C /* HomeBottomControlStackView.swift */; };
		2F3BA62F21E8EB8300548E0C /* HomeTopNavigationStackView.swift in Sources */ = {isa = PBXBuildFile; fileRef = 2F3BA62E21E8EB8300548E0C /* HomeTopNavigationStackView.swift */; };
/* End PBXBuildFile section */

/* Begin PBXFileReference section */
		2F3BA61021E8375800548E0C /* Tinder.app */ = {isa = PBXFileReference; explicitFileType = wrapper.application; includeInIndex = 0; path = Tinder.app; sourceTree = BUILT_PRODUCTS_DIR; };
		2F3BA61321E8375800548E0C /* AppDelegate.swift */ = {isa = PBXFileReference; lastKnownFileType = sourcecode.swift; path = AppDelegate.swift; sourceTree = "<group>"; };
		2F3BA61521E8375800548E0C /* ViewController.swift */ = {isa = PBXFileReference; lastKnownFileType = sourcecode.swift; path = ViewController.swift; sourceTree = "<group>"; };
		2F3BA61821E8375800548E0C /* Base */ = {isa = PBXFileReference; lastKnownFileType = file.storyboard; name = Base; path = Base.lproj/Main.storyboard; sourceTree = "<group>"; };
		2F3BA61B21E8375800548E0C /* Tinder.xcdatamodel */ = {isa = PBXFileReference; lastKnownFileType = wrapper.xcdatamodel; path = Tinder.xcdatamodel; sourceTree = "<group>"; };
		2F3BA61D21E8375A00548E0C /* Assets.xcassets */ = {isa = PBXFileReference; lastKnownFileType = folder.assetcatalog; path = Assets.xcassets; sourceTree = "<group>"; };
		2F3BA62021E8375A00548E0C /* Base */ = {isa = PBXFileReference; lastKnownFileType = file.storyboard; name = Base; path = Base.lproj/LaunchScreen.storyboard; sourceTree = "<group>"; };
		2F3BA62221E8375A00548E0C /* Info.plist */ = {isa = PBXFileReference; lastKnownFileType = text.plist.xml; path = Info.plist; sourceTree = "<group>"; };
		2F3BA62921E839CF00548E0C /* Extensions+UIView.swift */ = {isa = PBXFileReference; fileEncoding = 4; lastKnownFileType = sourcecode.swift; path = "Extensions+UIView.swift"; sourceTree = "<group>"; };
		2F3BA62C21E8E6A000548E0C /* HomeBottomControlStackView.swift */ = {isa = PBXFileReference; lastKnownFileType = sourcecode.swift; path = HomeBottomControlStackView.swift; sourceTree = "<group>"; };
		2F3BA62E21E8EB8300548E0C /* HomeTopNavigationStackView.swift */ = {isa = PBXFileReference; lastKnownFileType = sourcecode.swift; path = HomeTopNavigationStackView.swift; sourceTree = "<group>"; };
/* End PBXFileReference section */

/* Begin PBXFrameworksBuildPhase section */
		2F3BA60D21E8375800548E0C /* Frameworks */ = {
			isa = PBXFrameworksBuildPhase;
			buildActionMask = 2147483647;
			files = (
			);
			runOnlyForDeploymentPostprocessing = 0;
		};
/* End PBXFrameworksBuildPhase section */

/* Begin PBXGroup section */
		2F3BA60721E8375800548E0C = {
			isa = PBXGroup;
			children = (
				2F3BA61221E8375800548E0C /* Tinder */,
				2F3BA61121E8375800548E0C /* Products */,
			);
			sourceTree = "<group>";
		};
		2F3BA61121E8375800548E0C /* Products */ = {
			isa = PBXGroup;
			children = (
				2F3BA61021E8375800548E0C /* Tinder.app */,
			);
			name = Products;
			sourceTree = "<group>";
		};
		2F3BA61221E8375800548E0C /* Tinder */ = {
			isa = PBXGroup;
			children = (
				2F3BA62B21E8E66D00548E0C /* Views */,
				2F3BA62821E839BC00548E0C /* Extensions */,
				2F3BA61321E8375800548E0C /* AppDelegate.swift */,
				2F3BA61521E8375800548E0C /* ViewController.swift */,
				2F3BA61721E8375800548E0C /* Main.storyboard */,
				2F3BA61D21E8375A00548E0C /* Assets.xcassets */,
				2F3BA61F21E8375A00548E0C /* LaunchScreen.storyboard */,
				2F3BA62221E8375A00548E0C /* Info.plist */,
				2F3BA61A21E8375800548E0C /* Tinder.xcdatamodeld */,
			);
			path = Tinder;
			sourceTree = "<group>";
		};
		2F3BA62821E839BC00548E0C /* Extensions */ = {
			isa = PBXGroup;
			children = (
				2F3BA62921E839CF00548E0C /* Extensions+UIView.swift */,
			);
			path = Extensions;
			sourceTree = "<group>";
		};
		2F3BA62B21E8E66D00548E0C /* Views */ = {
			isa = PBXGroup;
			children = (
				2F3BA62C21E8E6A000548E0C /* HomeBottomControlStackView.swift */,
				2F3BA62E21E8EB8300548E0C /* HomeTopNavigationStackView.swift */,
			);
			path = Views;
			sourceTree = "<group>";
		};
/* End PBXGroup section */

/* Begin PBXNativeTarget section */
		2F3BA60F21E8375800548E0C /* Tinder */ = {
			isa = PBXNativeTarget;
			buildConfigurationList = 2F3BA62521E8375A00548E0C /* Build configuration list for PBXNativeTarget "Tinder" */;
			buildPhases = (
				2F3BA60C21E8375800548E0C /* Sources */,
				2F3BA60D21E8375800548E0C /* Frameworks */,
				2F3BA60E21E8375800548E0C /* Resources */,
			);
			buildRules = (
			);
			dependencies = (
			);
			name = Tinder;
			productName = Tinder;
			productReference = 2F3BA61021E8375800548E0C /* Tinder.app */;
			productType = "com.apple.product-type.application";
		};
/* End PBXNativeTarget section */

/* Begin PBXProject section */
		2F3BA60821E8375800548E0C /* Project object */ = {
			isa = PBXProject;
			attributes = {
				LastSwiftUpdateCheck = 1010;
				LastUpgradeCheck = 1010;
				ORGANIZATIONNAME = "sanket kumar";
				TargetAttributes = {
					2F3BA60F21E8375800548E0C = {
						CreatedOnToolsVersion = 10.1;
					};
				};
			};
			buildConfigurationList = 2F3BA60B21E8375800548E0C /* Build configuration list for PBXProject "Tinder" */;
			compatibilityVersion = "Xcode 9.3";
			developmentRegion = en;
			hasScannedForEncodings = 0;
			knownRegions = (
				en,
				Base,
			);
			mainGroup = 2F3BA60721E8375800548E0C;
			productRefGroup = 2F3BA61121E8375800548E0C /* Products */;
			projectDirPath = "";
			projectRoot = "";
			targets = (
				2F3BA60F21E8375800548E0C /* Tinder */,
			);
		};
/* End PBXProject section */

/* Begin PBXResourcesBuildPhase section */
		2F3BA60E21E8375800548E0C /* Resources */ = {
			isa = PBXResourcesBuildPhase;
			buildActionMask = 2147483647;
			files = (
				2F3BA62121E8375A00548E0C /* LaunchScreen.storyboard in Resources */,
				2F3BA61E21E8375A00548E0C /* Assets.xcassets in Resources */,
				2F3BA61921E8375800548E0C /* Main.storyboard in Resources */,
			);
			runOnlyForDeploymentPostprocessing = 0;
		};
/* End PBXResourcesBuildPhase section */

/* Begin PBXSourcesBuildPhase section */
		2F3BA60C21E8375800548E0C /* Sources */ = {
			isa = PBXSourcesBuildPhase;
			buildActionMask = 2147483647;
			files = (
				2F3BA62F21E8EB8300548E0C /* HomeTopNavigationStackView.swift in Sources */,
				2F3BA61621E8375800548E0C /* ViewController.swift in Sources */,
				2F3BA61421E8375800548E0C /* AppDelegate.swift in Sources */,
				2F3BA62D21E8E6A000548E0C /* HomeBottomControlStackView.swift in Sources */,
				2F3BA62A21E839CF00548E0C /* Extensions+UIView.swift in Sources */,
				2F3BA61C21E8375800548E0C /* Tinder.xcdatamodeld in Sources */,
			);
			runOnlyForDeploymentPostprocessing = 0;
		};
/* End PBXSourcesBuildPhase section */

/* Begin PBXVariantGroup section */
		2F3BA61721E8375800548E0C /* Main.storyboard */ = {
			isa = PBXVariantGroup;
			children = (
				2F3BA61821E8375800548E0C /* Base */,
			);
			name = Main.storyboard;
			sourceTree = "<group>";
		};
		2F3BA61F21E8375A00548E0C /* LaunchScreen.storyboard */ = {
			isa = PBXVariantGroup;
			children = (
				2F3BA62021E8375A00548E0C /* Base */,
			);
			name = LaunchScreen.storyboard;
			sourceTree = "<group>";
		};
/* End PBXVariantGroup section */

/* Begin XCBuildConfiguration section */
		2F3BA62321E8375A00548E0C /* Debug */ = {
			isa = XCBuildConfiguration;
			buildSettings = {
				ALWAYS_SEARCH_USER_PATHS = NO;
				CLANG_ANALYZER_NONNULL = YES;
				CLANG_ANALYZER_NUMBER_OBJECT_CONVERSION = YES_AGGRESSIVE;
				CLANG_CXX_LANGUAGE_STANDARD = "gnu++14";
				CLANG_CXX_LIBRARY = "libc++";
				CLANG_ENABLE_MODULES = YES;
				CLANG_ENABLE_OBJC_ARC = YES;
				CLANG_ENABLE_OBJC_WEAK = YES;
				CLANG_WARN_BLOCK_CAPTURE_AUTORELEASING = YES;
				CLANG_WARN_BOOL_CONVERSION = YES;
				CLANG_WARN_COMMA = YES;
				CLANG_WARN_CONSTANT_CONVERSION = YES;
				CLANG_WARN_DEPRECATED_OBJC_IMPLEMENTATIONS = YES;
				CLANG_WARN_DIRECT_OBJC_ISA_USAGE = YES_ERROR;
				CLANG_WARN_DOCUMENTATION_COMMENTS = YES;
				CLANG_WARN_EMPTY_BODY = YES;
				CLANG_WARN_ENUM_CONVERSION = YES;
				CLANG_WARN_INFINITE_RECURSION = YES;
				CLANG_WARN_INT_CONVERSION = YES;
				CLANG_WARN_NON_LITERAL_NULL_CONVERSION = YES;
				CLANG_WARN_OBJC_IMPLICIT_RETAIN_SELF = YES;
				CLANG_WARN_OBJC_LITERAL_CONVERSION = YES;
				CLANG_WARN_OBJC_ROOT_CLASS = YES_ERROR;
				CLANG_WARN_RANGE_LOOP_ANALYSIS = YES;
				CLANG_WARN_STRICT_PROTOTYPES = YES;
				CLANG_WARN_SUSPICIOUS_MOVE = YES;
				CLANG_WARN_UNGUARDED_AVAILABILITY = YES_AGGRESSIVE;
				CLANG_WARN_UNREACHABLE_CODE = YES;
				CLANG_WARN__DUPLICATE_METHOD_MATCH = YES;
				CODE_SIGN_IDENTITY = "iPhone Developer";
				COPY_PHASE_STRIP = NO;
				DEBUG_INFORMATION_FORMAT = dwarf;
				ENABLE_STRICT_OBJC_MSGSEND = YES;
				ENABLE_TESTABILITY = YES;
				GCC_C_LANGUAGE_STANDARD = gnu11;
				GCC_DYNAMIC_NO_PIC = NO;
				GCC_NO_COMMON_BLOCKS = YES;
				GCC_OPTIMIZATION_LEVEL = 0;
				GCC_PREPROCESSOR_DEFINITIONS = (
					"DEBUG=1",
					"$(inherited)",
				);
				GCC_WARN_64_TO_32_BIT_CONVERSION = YES;
				GCC_WARN_ABOUT_RETURN_TYPE = YES_ERROR;
				GCC_WARN_UNDECLARED_SELECTOR = YES;
				GCC_WARN_UNINITIALIZED_AUTOS = YES_AGGRESSIVE;
				GCC_WARN_UNUSED_FUNCTION = YES;
				GCC_WARN_UNUSED_VARIABLE = YES;
				IPHONEOS_DEPLOYMENT_TARGET = 12.1;
				MTL_ENABLE_DEBUG_INFO = INCLUDE_SOURCE;
				MTL_FAST_MATH = YES;
				ONLY_ACTIVE_ARCH = YES;
				SDKROOT = iphoneos;
				SWIFT_ACTIVE_COMPILATION_CONDITIONS = DEBUG;
				SWIFT_OPTIMIZATION_LEVEL = "-Onone";
			};
			name = Debug;
		};
		2F3BA62421E8375A00548E0C /* Release */ = {
			isa = XCBuildConfiguration;
			buildSettings = {
				ALWAYS_SEARCH_USER_PATHS = NO;
				CLANG_ANALYZER_NONNULL = YES;
				CLANG_ANALYZER_NUMBER_OBJECT_CONVERSION = YES_AGGRESSIVE;
				CLANG_CXX_LANGUAGE_STANDARD = "gnu++14";
				CLANG_CXX_LIBRARY = "libc++";
				CLANG_ENABLE_MODULES = YES;
				CLANG_ENABLE_OBJC_ARC = YES;
				CLANG_ENABLE_OBJC_WEAK = YES;
				CLANG_WARN_BLOCK_CAPTURE_AUTORELEASING = YES;
				CLANG_WARN_BOOL_CONVERSION = YES;
				CLANG_WARN_COMMA = YES;
				CLANG_WARN_CONSTANT_CONVERSION = YES;
				CLANG_WARN_DEPRECATED_OBJC_IMPLEMENTATIONS = YES;
				CLANG_WARN_DIRECT_OBJC_ISA_USAGE = YES_ERROR;
				CLANG_WARN_DOCUMENTATION_COMMENTS = YES;
				CLANG_WARN_EMPTY_BODY = YES;
				CLANG_WARN_ENUM_CONVERSION = YES;
				CLANG_WARN_INFINITE_RECURSION = YES;
				CLANG_WARN_INT_CONVERSION = YES;
				CLANG_WARN_NON_LITERAL_NULL_CONVERSION = YES;
				CLANG_WARN_OBJC_IMPLICIT_RETAIN_SELF = YES;
				CLANG_WARN_OBJC_LITERAL_CONVERSION = YES;
				CLANG_WARN_OBJC_ROOT_CLASS = YES_ERROR;
				CLANG_WARN_RANGE_LOOP_ANALYSIS = YES;
				CLANG_WARN_STRICT_PROTOTYPES = YES;
				CLANG_WARN_SUSPICIOUS_MOVE = YES;
				CLANG_WARN_UNGUARDED_AVAILABILITY = YES_AGGRESSIVE;
				CLANG_WARN_UNREACHABLE_CODE = YES;
				CLANG_WARN__DUPLICATE_METHOD_MATCH = YES;
				CODE_SIGN_IDENTITY = "iPhone Developer";
				COPY_PHASE_STRIP = NO;
				DEBUG_INFORMATION_FORMAT = "dwarf-with-dsym";
				ENABLE_NS_ASSERTIONS = NO;
				ENABLE_STRICT_OBJC_MSGSEND = YES;
				GCC_C_LANGUAGE_STANDARD = gnu11;
				GCC_NO_COMMON_BLOCKS = YES;
				GCC_WARN_64_TO_32_BIT_CONVERSION = YES;
				GCC_WARN_ABOUT_RETURN_TYPE = YES_ERROR;
				GCC_WARN_UNDECLARED_SELECTOR = YES;
				GCC_WARN_UNINITIALIZED_AUTOS = YES_AGGRESSIVE;
				GCC_WARN_UNUSED_FUNCTION = YES;
				GCC_WARN_UNUSED_VARIABLE = YES;
				IPHONEOS_DEPLOYMENT_TARGET = 12.1;
				MTL_ENABLE_DEBUG_INFO = NO;
				MTL_FAST_MATH = YES;
				SDKROOT = iphoneos;
				SWIFT_COMPILATION_MODE = wholemodule;
				SWIFT_OPTIMIZATION_LEVEL = "-O";
				VALIDATE_PRODUCT = YES;
			};
			name = Release;
		};
		2F3BA62621E8375A00548E0C /* Debug */ = {
			isa = XCBuildConfiguration;
			buildSettings = {
				ASSETCATALOG_COMPILER_APPICON_NAME = AppIcon;
				CODE_SIGN_STYLE = Automatic;
				DEVELOPMENT_TEAM = KM6SX9V4UK;
				INFOPLIST_FILE = Tinder/Info.plist;
				LD_RUNPATH_SEARCH_PATHS = (
					"$(inherited)",
					"@executable_path/Frameworks",
				);
				PRODUCT_BUNDLE_IDENTIFIER = com.kumarsanket.Tinder;
				PRODUCT_NAME = "$(TARGET_NAME)";
				SWIFT_VERSION = 4.2;
				TARGETED_DEVICE_FAMILY = "1,2";
			};
			name = Debug;
		};
		2F3BA62721E8375A00548E0C /* Release */ = {
			isa = XCBuildConfiguration;
			buildSettings = {
				ASSETCATALOG_COMPILER_APPICON_NAME = AppIcon;
				CODE_SIGN_STYLE = Automatic;
				DEVELOPMENT_TEAM = KM6SX9V4UK;
				INFOPLIST_FILE = Tinder/Info.plist;
				LD_RUNPATH_SEARCH_PATHS = (
					"$(inherited)",
					"@executable_path/Frameworks",
				);
				PRODUCT_BUNDLE_IDENTIFIER = com.kumarsanket.Tinder;
				PRODUCT_NAME = "$(TARGET_NAME)";
				SWIFT_VERSION = 4.2;
				TARGETED_DEVICE_FAMILY = "1,2";
			};
			name = Release;
		};
/* End XCBuildConfiguration section */

/* Begin XCConfigurationList section */
		2F3BA60B21E8375800548E0C /* Build configuration list for PBXProject "Tinder" */ = {
			isa = XCConfigurationList;
			buildConfigurations = (
				2F3BA62321E8375A00548E0C /* Debug */,
				2F3BA62421E8375A00548E0C /* Release */,
			);
			defaultConfigurationIsVisible = 0;
			defaultConfigurationName = Release;
		};
		2F3BA62521E8375A00548E0C /* Build configuration list for PBXNativeTarget "Tinder" */ = {
			isa = XCConfigurationList;
			buildConfigurations = (
				2F3BA62621E8375A00548E0C /* Debug */,
				2F3BA62721E8375A00548E0C /* Release */,
			);
			defaultConfigurationIsVisible = 0;
			defaultConfigurationName = Release;
		};
/* End XCConfigurationList section */

/* Begin XCVersionGroup section */
		2F3BA61A21E8375800548E0C /* Tinder.xcdatamodeld */ = {
			isa = XCVersionGroup;
			children = (
				2F3BA61B21E8375800548E0C /* Tinder.xcdatamodel */,
			);
			currentVersion = 2F3BA61B21E8375800548E0C /* Tinder.xcdatamodel */;
			path = Tinder.xcdatamodeld;
			sourceTree = "<group>";
			versionGroupType = wrapper.xcdatamodel;
		};
/* End XCVersionGroup section */
	};
	rootObject = 2F3BA60821E8375800548E0C /* Project object */;
}
